// !$*UTF8*$!
{
	archiveVersion = 1;
	classes = {
	};
	objectVersion = 50;
	objects = {

/* Begin PBXBuildFile section */
		EAEB34DE2388EAA700F79A59 /* AppDelegate.swift in Sources */ = {isa = PBXBuildFile; fileRef = EAEB34DD2388EAA700F79A59 /* AppDelegate.swift */; };
		EAEB34E02388EAA700F79A59 /* SceneDelegate.swift in Sources */ = {isa = PBXBuildFile; fileRef = EAEB34DF2388EAA700F79A59 /* SceneDelegate.swift */; };
		EAEB34E22388EAA700F79A59 /* ContentView.swift in Sources */ = {isa = PBXBuildFile; fileRef = EAEB34E12388EAA700F79A59 /* ContentView.swift */; };
		EAEB34E42388EAA800F79A59 /* Assets.xcassets in Resources */ = {isa = PBXBuildFile; fileRef = EAEB34E32388EAA800F79A59 /* Assets.xcassets */; };
		EAEB34E72388EAA800F79A59 /* Preview Assets.xcassets in Resources */ = {isa = PBXBuildFile; fileRef = EAEB34E62388EAA800F79A59 /* Preview Assets.xcassets */; };
		EAEB34EA2388EAA800F79A59 /* LaunchScreen.storyboard in Resources */ = {isa = PBXBuildFile; fileRef = EAEB34E82388EAA800F79A59 /* LaunchScreen.storyboard */; };
/* End PBXBuildFile section */

/* Begin PBXFileReference section */
		EAEB34DA2388EAA700F79A59 /* PokemonMaster.app */ = {isa = PBXFileReference; explicitFileType = wrapper.application; includeInIndex = 0; path = PokemonMaster.app; sourceTree = BUILT_PRODUCTS_DIR; };
		EAEB34DD2388EAA700F79A59 /* AppDelegate.swift */ = {isa = PBXFileReference; lastKnownFileType = sourcecode.swift; path = AppDelegate.swift; sourceTree = "<group>"; };
		EAEB34DF2388EAA700F79A59 /* SceneDelegate.swift */ = {isa = PBXFileReference; lastKnownFileType = sourcecode.swift; path = SceneDelegate.swift; sourceTree = "<group>"; };
		EAEB34E12388EAA700F79A59 /* ContentView.swift */ = {isa = PBXFileReference; lastKnownFileType = sourcecode.swift; path = ContentView.swift; sourceTree = "<group>"; };
		EAEB34E32388EAA800F79A59 /* Assets.xcassets */ = {isa = PBXFileReference; lastKnownFileType = folder.assetcatalog; path = Assets.xcassets; sourceTree = "<group>"; };
		EAEB34E62388EAA800F79A59 /* Preview Assets.xcassets */ = {isa = PBXFileReference; lastKnownFileType = folder.assetcatalog; path = "Preview Assets.xcassets"; sourceTree = "<group>"; };
		EAEB34E92388EAA800F79A59 /* Base */ = {isa = PBXFileReference; lastKnownFileType = file.storyboard; name = Base; path = Base.lproj/LaunchScreen.storyboard; sourceTree = "<group>"; };
		EAEB34EB2388EAA800F79A59 /* Info.plist */ = {isa = PBXFileReference; lastKnownFileType = text.plist.xml; path = Info.plist; sourceTree = "<group>"; };
/* End PBXFileReference section */

/* Begin PBXFrameworksBuildPhase section */
		EAEB34D72388EAA700F79A59 /* Frameworks */ = {
			isa = PBXFrameworksBuildPhase;
			buildActionMask = 2147483647;
			files = (
			);
			runOnlyForDeploymentPostprocessing = 0;
		};
/* End PBXFrameworksBuildPhase section */

/* Begin PBXGroup section */
		EAEB34D12388EAA700F79A59 = {
			isa = PBXGroup;
			children = (
				EAEB34DC2388EAA700F79A59 /* PokemonMaster */,
				EAEB34DB2388EAA700F79A59 /* Products */,
			);
			sourceTree = "<group>";
		};
		EAEB34DB2388EAA700F79A59 /* Products */ = {
			isa = PBXGroup;
			children = (
				EAEB34DA2388EAA700F79A59 /* PokemonMaster.app */,
			);
			name = Products;
			sourceTree = "<group>";
		};
		EAEB34DC2388EAA700F79A59 /* PokemonMaster */ = {
			isa = PBXGroup;
			children = (
				EAEB34DD2388EAA700F79A59 /* AppDelegate.swift */,
				EAEB34DF2388EAA700F79A59 /* SceneDelegate.swift */,
				EAEB34E12388EAA700F79A59 /* ContentView.swift */,
				EAEB34E32388EAA800F79A59 /* Assets.xcassets */,
				EAEB34E82388EAA800F79A59 /* LaunchScreen.storyboard */,
				EAEB34EB2388EAA800F79A59 /* Info.plist */,
				EAEB34E52388EAA800F79A59 /* Preview Content */,
			);
			path = PokemonMaster;
			sourceTree = "<group>";
		};
		EAEB34E52388EAA800F79A59 /* Preview Content */ = {
			isa = PBXGroup;
			children = (
				EAEB34E62388EAA800F79A59 /* Preview Assets.xcassets */,
			);
			path = "Preview Content";
			sourceTree = "<group>";
		};
/* End PBXGroup section */

/* Begin PBXNativeTarget section */
		EAEB34D92388EAA700F79A59 /* PokemonMaster */ = {
			isa = PBXNativeTarget;
			buildConfigurationList = EAEB34EE2388EAA800F79A59 /* Build configuration list for PBXNativeTarget "PokemonMaster" */;
			buildPhases = (
				EAEB34D62388EAA700F79A59 /* Sources */,
				EAEB34D72388EAA700F79A59 /* Frameworks */,
				EAEB34D82388EAA700F79A59 /* Resources */,
			);
			buildRules = (
			);
			dependencies = (
			);
			name = PokemonMaster;
			productName = PokemonMaster;
			productReference = EAEB34DA2388EAA700F79A59 /* PokemonMaster.app */;
			productType = "com.apple.product-type.application";
		};
/* End PBXNativeTarget section */

/* Begin PBXProject section */
		EAEB34D22388EAA700F79A59 /* Project object */ = {
			isa = PBXProject;
			attributes = {
				LastSwiftUpdateCheck = 1110;
				LastUpgradeCheck = 1110;
				ORGANIZATIONNAME = tony;
				TargetAttributes = {
					EAEB34D92388EAA700F79A59 = {
						CreatedOnToolsVersion = 11.1;
					};
				};
			};
			buildConfigurationList = EAEB34D52388EAA700F79A59 /* Build configuration list for PBXProject "PokemonMaster" */;
			compatibilityVersion = "Xcode 9.3";
			developmentRegion = en;
			hasScannedForEncodings = 0;
			knownRegions = (
				en,
				Base,
			);
			mainGroup = EAEB34D12388EAA700F79A59;
			productRefGroup = EAEB34DB2388EAA700F79A59 /* Products */;
			projectDirPath = "";
			projectRoot = "";
			targets = (
				EAEB34D92388EAA700F79A59 /* PokemonMaster */,
			);
		};
/* End PBXProject section */

/* Begin PBXResourcesBuildPhase section */
		EAEB34D82388EAA700F79A59 /* Resources */ = {
			isa = PBXResourcesBuildPhase;
			buildActionMask = 2147483647;
			files = (
				EAEB34EA2388EAA800F79A59 /* LaunchScreen.storyboard in Resources */,
				EAEB34E72388EAA800F79A59 /* Preview Assets.xcassets in Resources */,
				EAEB34E42388EAA800F79A59 /* Assets.xcassets in Resources */,
			);
			runOnlyForDeploymentPostprocessing = 0;
		};
/* End PBXResourcesBuildPhase section */

/* Begin PBXSourcesBuildPhase section */
		EAEB34D62388EAA700F79A59 /* Sources */ = {
			isa = PBXSourcesBuildPhase;
			buildActionMask = 2147483647;
			files = (
				EAEB34DE2388EAA700F79A59 /* AppDelegate.swift in Sources */,
				EAEB34E02388EAA700F79A59 /* SceneDelegate.swift in Sources */,
				EAEB34E22388EAA700F79A59 /* ContentView.swift in Sources */,
			);
			runOnlyForDeploymentPostprocessing = 0;
		};
/* End PBXSourcesBuildPhase section */

/* Begin PBXVariantGroup section */
		EAEB34E82388EAA800F79A59 /* LaunchScreen.storyboard */ = {
			isa = PBXVariantGroup;
			children = (
				EAEB34E92388EAA800F79A59 /* Base */,
			);
			name = LaunchScreen.storyboard;
			sourceTree = "<group>";
		};
/* End PBXVariantGroup section */

/* Begin XCBuildConfiguration section */
		EAEB34EC2388EAA800F79A59 /* Debug */ = {
			isa = XCBuildConfiguration;
			buildSettings = {
				ALWAYS_SEARCH_USER_PATHS = NO;
				CLANG_ANALYZER_NONNULL = YES;
				CLANG_ANALYZER_NUMBER_OBJECT_CONVERSION = YES_AGGRESSIVE;
				CLANG_CXX_LANGUAGE_STANDARD = "gnu++14";
				CLANG_CXX_LIBRARY = "libc++";
				CLANG_ENABLE_MODULES = YES;
				CLANG_ENABLE_OBJC_ARC = YES;
				CLANG_ENABLE_OBJC_WEAK = YES;
				CLANG_WARN_BLOCK_CAPTURE_AUTORELEASING = YES;
				CLANG_WARN_BOOL_CONVERSION = YES;
				CLANG_WARN_COMMA = YES;
				CLANG_WARN_CONSTANT_CONVERSION = YES;
				CLANG_WARN_DEPRECATED_OBJC_IMPLEMENTATIONS = YES;
				CLANG_WARN_DIRECT_OBJC_ISA_USAGE = YES_ERROR;
				CLANG_WARN_DOCUMENTATION_COMMENTS = YES;
				CLANG_WARN_EMPTY_BODY = YES;
				CLANG_WARN_ENUM_CONVERSION = YES;
				CLANG_WARN_INFINITE_RECURSION = YES;
				CLANG_WARN_INT_CONVERSION = YES;
				CLANG_WARN_NON_LITERAL_NULL_CONVERSION = YES;
				CLANG_WARN_OBJC_IMPLICIT_RETAIN_SELF = YES;
				CLANG_WARN_OBJC_LITERAL_CONVERSION = YES;
				CLANG_WARN_OBJC_ROOT_CLASS = YES_ERROR;
				CLANG_WARN_RANGE_LOOP_ANALYSIS = YES;
				CLANG_WARN_STRICT_PROTOTYPES = YES;
				CLANG_WARN_SUSPICIOUS_MOVE = YES;
				CLANG_WARN_UNGUARDED_AVAILABILITY = YES_AGGRESSIVE;
				CLANG_WARN_UNREACHABLE_CODE = YES;
				CLANG_WARN__DUPLICATE_METHOD_MATCH = YES;
				COPY_PHASE_STRIP = NO;
				DEBUG_INFORMATION_FORMAT = dwarf;
				ENABLE_STRICT_OBJC_MSGSEND = YES;
				ENABLE_TESTABILITY = YES;
				GCC_C_LANGUAGE_STANDARD = gnu11;
				GCC_DYNAMIC_NO_PIC = NO;
				GCC_NO_COMMON_BLOCKS = YES;
				GCC_OPTIMIZATION_LEVEL = 0;
				GCC_PREPROCESSOR_DEFINITIONS = (
					"DEBUG=1",
					"$(inherited)",
				);
				GCC_WARN_64_TO_32_BIT_CONVERSION = YES;
				GCC_WARN_ABOUT_RETURN_TYPE = YES_ERROR;
				GCC_WARN_UNDECLARED_SELECTOR = YES;
				GCC_WARN_UNINITIALIZED_AUTOS = YES_AGGRESSIVE;
				GCC_WARN_UNUSED_FUNCTION = YES;
				GCC_WARN_UNUSED_VARIABLE = YES;
				IPHONEOS_DEPLOYMENT_TARGET = 13.1;
				MTL_ENABLE_DEBUG_INFO = INCLUDE_SOURCE;
				MTL_FAST_MATH = YES;
				ONLY_ACTIVE_ARCH = YES;
				SDKROOT = iphoneos;
				SWIFT_ACTIVE_COMPILATION_CONDITIONS = DEBUG;
				SWIFT_OPTIMIZATION_LEVEL = "-Onone";
			};
			name = Debug;
		};
		EAEB34ED2388EAA800F79A59 /* Release */ = {
			isa = XCBuildConfiguration;
			buildSettings = {
				ALWAYS_SEARCH_USER_PATHS = NO;
				CLANG_ANALYZER_NONNULL = YES;
				CLANG_ANALYZER_NUMBER_OBJECT_CONVERSION = YES_AGGRESSIVE;
				CLANG_CXX_LANGUAGE_STANDARD = "gnu++14";
				CLANG_CXX_LIBRARY = "libc++";
				CLANG_ENABLE_MODULES = YES;
				CLANG_ENABLE_OBJC_ARC = YES;
				CLANG_ENABLE_OBJC_WEAK = YES;
				CLANG_WARN_BLOCK_CAPTURE_AUTORELEASING = YES;
				CLANG_WARN_BOOL_CONVERSION = YES;
				CLANG_WARN_COMMA = YES;
				CLANG_WARN_CONSTANT_CONVERSION = YES;
				CLANG_WARN_DEPRECATED_OBJC_IMPLEMENTATIONS = YES;
				CLANG_WARN_DIRECT_OBJC_ISA_USAGE = YES_ERROR;
				CLANG_WARN_DOCUMENTATION_COMMENTS = YES;
				CLANG_WARN_EMPTY_BODY = YES;
				CLANG_WARN_ENUM_CONVERSION = YES;
				CLANG_WARN_INFINITE_RECURSION = YES;
				CLANG_WARN_INT_CONVERSION = YES;
				CLANG_WARN_NON_LITERAL_NULL_CONVERSION = YES;
				CLANG_WARN_OBJC_IMPLICIT_RETAIN_SELF = YES;
				CLANG_WARN_OBJC_LITERAL_CONVERSION = YES;
				CLANG_WARN_OBJC_ROOT_CLASS = YES_ERROR;
				CLANG_WARN_RANGE_LOOP_ANALYSIS = YES;
				CLANG_WARN_STRICT_PROTOTYPES = YES;
				CLANG_WARN_SUSPICIOUS_MOVE = YES;
				CLANG_WARN_UNGUARDED_AVAILABILITY = YES_AGGRESSIVE;
				CLANG_WARN_UNREACHABLE_CODE = YES;
				CLANG_WARN__DUPLICATE_METHOD_MATCH = YES;
				COPY_PHASE_STRIP = NO;
				DEBUG_INFORMATION_FORMAT = "dwarf-with-dsym";
				ENABLE_NS_ASSERTIONS = NO;
				ENABLE_STRICT_OBJC_MSGSEND = YES;
				GCC_C_LANGUAGE_STANDARD = gnu11;
				GCC_NO_COMMON_BLOCKS = YES;
				GCC_WARN_64_TO_32_BIT_CONVERSION = YES;
				GCC_WARN_ABOUT_RETURN_TYPE = YES_ERROR;
				GCC_WARN_UNDECLARED_SELECTOR = YES;
				GCC_WARN_UNINITIALIZED_AUTOS = YES_AGGRESSIVE;
				GCC_WARN_UNUSED_FUNCTION = YES;
				GCC_WARN_UNUSED_VARIABLE = YES;
				IPHONEOS_DEPLOYMENT_TARGET = 13.1;
				MTL_ENABLE_DEBUG_INFO = NO;
				MTL_FAST_MATH = YES;
				SDKROOT = iphoneos;
				SWIFT_COMPILATION_MODE = wholemodule;
				SWIFT_OPTIMIZATION_LEVEL = "-O";
				VALIDATE_PRODUCT = YES;
			};
			name = Release;
		};
		EAEB34EF2388EAA800F79A59 /* Debug */ = {
			isa = XCBuildConfiguration;
			buildSettings = {
				ASSETCATALOG_COMPILER_APPICON_NAME = AppIcon;
				CODE_SIGN_STYLE = Automatic;
				DEVELOPMENT_ASSET_PATHS = "\"PokemonMaster/Preview Content\"";
				ENABLE_PREVIEWS = YES;
				INFOPLIST_FILE = PokemonMaster/Info.plist;
				LD_RUNPATH_SEARCH_PATHS = (
					"$(inherited)",
					"@executable_path/Frameworks",
				);
				PRODUCT_BUNDLE_IDENTIFIER = com.tony.PokemonMaster;
				PRODUCT_NAME = "$(TARGET_NAME)";
				SWIFT_VERSION = 5.0;
				TARGETED_DEVICE_FAMILY = "1,2";
			};
			name = Debug;
		};
		EAEB34F02388EAA800F79A59 /* Release */ = {
			isa = XCBuildConfiguration;
			buildSettings = {
				ASSETCATALOG_COMPILER_APPICON_NAME = AppIcon;
				CODE_SIGN_STYLE = Automatic;
				DEVELOPMENT_ASSET_PATHS = "\"PokemonMaster/Preview Content\"";
				ENABLE_PREVIEWS = YES;
				INFOPLIST_FILE = PokemonMaster/Info.plist;
				LD_RUNPATH_SEARCH_PATHS = (
					"$(inherited)",
					"@executable_path/Frameworks",
				);
				PRODUCT_BUNDLE_IDENTIFIER = com.tony.PokemonMaster;
				PRODUCT_NAME = "$(TARGET_NAME)";
				SWIFT_VERSION = 5.0;
				TARGETED_DEVICE_FAMILY = "1,2";
			};
			name = Release;
		};
/* End XCBuildConfiguration section */

/* Begin XCConfigurationList section */
		EAEB34D52388EAA700F79A59 /* Build configuration list for PBXProject "PokemonMaster" */ = {
			isa = XCConfigurationList;
			buildConfigurations = (
				EAEB34EC2388EAA800F79A59 /* Debug */,
				EAEB34ED2388EAA800F79A59 /* Release */,
			);
			defaultConfigurationIsVisible = 0;
			defaultConfigurationName = Release;
		};
		EAEB34EE2388EAA800F79A59 /* Build configuration list for PBXNativeTarget "PokemonMaster" */ = {
			isa = XCConfigurationList;
			buildConfigurations = (
				EAEB34EF2388EAA800F79A59 /* Debug */,
				EAEB34F02388EAA800F79A59 /* Release */,
			);
			defaultConfigurationIsVisible = 0;
			defaultConfigurationName = Release;
		};
/* End XCConfigurationList section */
	};
	rootObject = EAEB34D22388EAA700F79A59 /* Project object */;
}
